
Microsoft Visual Studio Solution File, Format Version 12.00
# Visual Studio Version 17
VisualStudioVersion = 17.13.35913.81
MinimumVisualStudioVersion = 10.0.40219.1
Project("{FAE04EC0-301F-11D3-BF4B-00C04F79EFBC}") = "Listas", "Listas\Listas.csproj", "{AA31D5F0-9FD2-408A-BAD1-F1E6E8ADD72E}"
EndProject
Project("{FAE04EC0-301F-11D3-BF4B-00C04F79EFBC}") = "ForEach", "ForEach\ForEach.csproj", "{C86B38ED-5C57-4A50-8295-AEA7BAC7E8E2}"
EndProject
Project("{FAE04EC0-301F-11D3-BF4B-00C04F79EFBC}") = "MetodosComunes", "MetodosComunes\MetodosComunes.csproj", "{74340307-699D-40E2-96AE-955A4BD40338}"
EndProject
Global
	GlobalSection(SolutionConfigurationPlatforms) = preSolution
		Debug|Any CPU = Debug|Any CPU
		Release|Any CPU = Release|Any CPU
	EndGlobalSection
	GlobalSection(ProjectConfigurationPlatforms) = postSolution
		{AA31D5F0-9FD2-408A-BAD1-F1E6E8ADD72E}.Debug|Any CPU.ActiveCfg = Debug|Any CPU
		{AA31D5F0-9FD2-408A-BAD1-F1E6E8ADD72E}.Debug|Any CPU.Build.0 = Debug|Any CPU
		{AA31D5F0-9FD2-408A-BAD1-F1E6E8ADD72E}.Release|Any CPU.ActiveCfg = Release|Any CPU
		{AA31D5F0-9FD2-408A-BAD1-F1E6E8ADD72E}.Release|Any CPU.Build.0 = Release|Any CPU
		{C86B38ED-5C57-4A50-8295-AEA7BAC7E8E2}.Debug|Any CPU.ActiveCfg = Debug|Any CPU
		{C86B38ED-5C57-4A50-8295-AEA7BAC7E8E2}.Debug|Any CPU.Build.0 = Debug|Any CPU
		{C86B38ED-5C57-4A50-8295-AEA7BAC7E8E2}.Release|Any CPU.ActiveCfg = Release|Any CPU
		{C86B38ED-5C57-4A50-8295-AEA7BAC7E8E2}.Release|Any CPU.Build.0 = Release|Any CPU
		{74340307-699D-40E2-96AE-955A4BD40338}.Debug|Any CPU.ActiveCfg = Debug|Any CPU
		{74340307-699D-40E2-96AE-955A4BD40338}.Debug|Any CPU.Build.0 = Debug|Any CPU
		{74340307-699D-40E2-96AE-955A4BD40338}.Release|Any CPU.ActiveCfg = Release|Any CPU
		{74340307-699D-40E2-96AE-955A4BD40338}.Release|Any CPU.Build.0 = Release|Any CPU
	EndGlobalSection
	GlobalSection(SolutionProperties) = preSolution
		HideSolutionNode = FALSE
	EndGlobalSection
	GlobalSection(ExtensibilityGlobals) = postSolution
		SolutionGuid = {032213A2-CD65-443D-8DB1-DFA57A63C129}
	EndGlobalSection
EndGlobal
